
Microsoft Visual Studio Solution File, Format Version 12.00
# Visual Studio Version 17
VisualStudioVersion = 17.5.002.0
MinimumVisualStudioVersion = 10.0.40219.1
Project("{9A19103F-16F7-4668-BE54-9A1E7A4F7556}") = "DesafioPOO", "DesafioPOO.csproj", "{200FC5F0-B9DD-4001-8849-75B14750EA85}"
EndProject
Global
	GlobalSection(SolutionConfigurationPlatforms) = preSolution
		Debug|Any CPU = Debug|Any CPU
		Release|Any CPU = Release|Any CPU
	EndGlobalSection
	GlobalSection(ProjectConfigurationPlatforms) = postSolution
		{200FC5F0-B9DD-4001-8849-75B14750EA85}.Debug|Any CPU.ActiveCfg = Debug|Any CPU
		{200FC5F0-B9DD-4001-8849-75B14750EA85}.Debug|Any CPU.Build.0 = Debug|Any CPU
		{200FC5F0-B9DD-4001-8849-75B14750EA85}.Release|Any CPU.ActiveCfg = Release|Any CPU
		{200FC5F0-B9DD-4001-8849-75B14750EA85}.Release|Any CPU.Build.0 = Release|Any CPU
	EndGlobalSection
	GlobalSection(SolutionProperties) = preSolution
		HideSolutionNode = FALSE
	EndGlobalSection
	GlobalSection(ExtensibilityGlobals) = postSolution
		SolutionGuid = {EFED8AAF-EBF9-4554-A68C-458A40C78422}
	EndGlobalSection
EndGlobal
